// !$*UTF8*$!
{
	archiveVersion = 1;
	classes = {
	};
	objectVersion = 50;
	objects = {

/* Begin PBXBuildFile section */
		94236D8D5DB44E383DC8689C /* Pods_PreMaterialComponentsTests.framework in Frameworks */ = {isa = PBXBuildFile; fileRef = 77CAAAAEB1E6C626C28214F7 /* Pods_PreMaterialComponentsTests.framework */; };
		BCD8BA5DE18A5EE7FBD05DEA /* Pods_PreMaterialComponentsUITests.framework in Frameworks */ = {isa = PBXBuildFile; fileRef = 5AC4EAC1B594EF9824F0EA6A /* Pods_PreMaterialComponentsUITests.framework */; };
		EA947FBB20AD66B1000C350B /* OriginalViewController.storyboard in Resources */ = {isa = PBXBuildFile; fileRef = EA947FB620AD66B0000C350B /* OriginalViewController.storyboard */; };
		EA947FBC20AD66B1000C350B /* TopViewController.swift in Sources */ = {isa = PBXBuildFile; fileRef = EA947FB720AD66B0000C350B /* TopViewController.swift */; };
		EA947FBD20AD66B1000C350B /* OriginalViewController.swift in Sources */ = {isa = PBXBuildFile; fileRef = EA947FB820AD66B0000C350B /* OriginalViewController.swift */; };
		EA947FBE20AD66B1000C350B /* TopViewController.storyboard in Resources */ = {isa = PBXBuildFile; fileRef = EA947FB920AD66B0000C350B /* TopViewController.storyboard */; };
		EA947FC220ADC95A000C350B /* FlexibleHeaderViewController.swift in Sources */ = {isa = PBXBuildFile; fileRef = EA947FC120ADC95A000C350B /* FlexibleHeaderViewController.swift */; };
		EA947FC420ADC987000C350B /* FlexibleHeaderViewController.storyboard in Resources */ = {isa = PBXBuildFile; fileRef = EA947FC320ADC987000C350B /* FlexibleHeaderViewController.storyboard */; };
		EA947FC620ADCB6A000C350B /* ContentViewController.swift in Sources */ = {isa = PBXBuildFile; fileRef = EA947FC520ADCB6A000C350B /* ContentViewController.swift */; };
		EA947FC820ADCB75000C350B /* ContentViewController.storyboard in Resources */ = {isa = PBXBuildFile; fileRef = EA947FC720ADCB75000C350B /* ContentViewController.storyboard */; };
		EA947FCA20ADCE4D000C350B /* HeaderView.swift in Sources */ = {isa = PBXBuildFile; fileRef = EA947FC920ADCE4D000C350B /* HeaderView.swift */; };
		EA947FCC20ADCE57000C350B /* HeaderView.xib in Resources */ = {isa = PBXBuildFile; fileRef = EA947FCB20ADCE57000C350B /* HeaderView.xib */; };
		EABCC48F20AD5EEC00B05C86 /* Storyboards.swift in Sources */ = {isa = PBXBuildFile; fileRef = EABCC48E20AD5EEC00B05C86 /* Storyboards.swift */; };
		EADBDBA820AAF987006798E7 /* AppDelegate.swift in Sources */ = {isa = PBXBuildFile; fileRef = EADBDBA720AAF987006798E7 /* AppDelegate.swift */; };
		EADBDBAF20AAF988006798E7 /* Assets.xcassets in Resources */ = {isa = PBXBuildFile; fileRef = EADBDBAE20AAF988006798E7 /* Assets.xcassets */; };
		EADBDBB220AAF988006798E7 /* LaunchScreen.storyboard in Resources */ = {isa = PBXBuildFile; fileRef = EADBDBB020AAF988006798E7 /* LaunchScreen.storyboard */; };
		EADBDBBD20AAF988006798E7 /* PreMaterialComponentsTests.swift in Sources */ = {isa = PBXBuildFile; fileRef = EADBDBBC20AAF988006798E7 /* PreMaterialComponentsTests.swift */; };
		EADBDBC820AAF988006798E7 /* PreMaterialComponentsUITests.swift in Sources */ = {isa = PBXBuildFile; fileRef = EADBDBC720AAF988006798E7 /* PreMaterialComponentsUITests.swift */; };
		FB8918851049CDFA5D055127 /* Pods_PreMaterialComponents.framework in Frameworks */ = {isa = PBXBuildFile; fileRef = FF97B29C69A810C4E176EF36 /* Pods_PreMaterialComponents.framework */; };
/* End PBXBuildFile section */

/* Begin PBXContainerItemProxy section */
		EADBDBB920AAF988006798E7 /* PBXContainerItemProxy */ = {
			isa = PBXContainerItemProxy;
			containerPortal = EADBDB9C20AAF987006798E7 /* Project object */;
			proxyType = 1;
			remoteGlobalIDString = EADBDBA320AAF987006798E7;
			remoteInfo = PreMaterialComponents;
		};
		EADBDBC420AAF988006798E7 /* PBXContainerItemProxy */ = {
			isa = PBXContainerItemProxy;
			containerPortal = EADBDB9C20AAF987006798E7 /* Project object */;
			proxyType = 1;
			remoteGlobalIDString = EADBDBA320AAF987006798E7;
			remoteInfo = PreMaterialComponents;
		};
/* End PBXContainerItemProxy section */

/* Begin PBXFileReference section */
		137C25A8092F6713DE4070B2 /* Pods-PreMaterialComponents.release.xcconfig */ = {isa = PBXFileReference; includeInIndex = 1; lastKnownFileType = text.xcconfig; name = "Pods-PreMaterialComponents.release.xcconfig"; path = "Pods/Target Support Files/Pods-PreMaterialComponents/Pods-PreMaterialComponents.release.xcconfig"; sourceTree = "<group>"; };
		316049C197C36EC5CDDEDDE2 /* Pods-PreMaterialComponentsTests.debug.xcconfig */ = {isa = PBXFileReference; includeInIndex = 1; lastKnownFileType = text.xcconfig; name = "Pods-PreMaterialComponentsTests.debug.xcconfig"; path = "Pods/Target Support Files/Pods-PreMaterialComponentsTests/Pods-PreMaterialComponentsTests.debug.xcconfig"; sourceTree = "<group>"; };
		5AC4EAC1B594EF9824F0EA6A /* Pods_PreMaterialComponentsUITests.framework */ = {isa = PBXFileReference; explicitFileType = wrapper.framework; includeInIndex = 0; path = Pods_PreMaterialComponentsUITests.framework; sourceTree = BUILT_PRODUCTS_DIR; };
		5D1182B4F2F974B824DBB9CD /* Pods-PreMaterialComponentsTests.release.xcconfig */ = {isa = PBXFileReference; includeInIndex = 1; lastKnownFileType = text.xcconfig; name = "Pods-PreMaterialComponentsTests.release.xcconfig"; path = "Pods/Target Support Files/Pods-PreMaterialComponentsTests/Pods-PreMaterialComponentsTests.release.xcconfig"; sourceTree = "<group>"; };
		77CAAAAEB1E6C626C28214F7 /* Pods_PreMaterialComponentsTests.framework */ = {isa = PBXFileReference; explicitFileType = wrapper.framework; includeInIndex = 0; path = Pods_PreMaterialComponentsTests.framework; sourceTree = BUILT_PRODUCTS_DIR; };
		ADE2DD6FD5181BCC391683B6 /* Pods-PreMaterialComponentsUITests.debug.xcconfig */ = {isa = PBXFileReference; includeInIndex = 1; lastKnownFileType = text.xcconfig; name = "Pods-PreMaterialComponentsUITests.debug.xcconfig"; path = "Pods/Target Support Files/Pods-PreMaterialComponentsUITests/Pods-PreMaterialComponentsUITests.debug.xcconfig"; sourceTree = "<group>"; };
		C70D600E61A296AC94AF978D /* Pods-PreMaterialComponents.debug.xcconfig */ = {isa = PBXFileReference; includeInIndex = 1; lastKnownFileType = text.xcconfig; name = "Pods-PreMaterialComponents.debug.xcconfig"; path = "Pods/Target Support Files/Pods-PreMaterialComponents/Pods-PreMaterialComponents.debug.xcconfig"; sourceTree = "<group>"; };
		EA947FB620AD66B0000C350B /* OriginalViewController.storyboard */ = {isa = PBXFileReference; fileEncoding = 4; lastKnownFileType = file.storyboard; path = OriginalViewController.storyboard; sourceTree = "<group>"; };
		EA947FB720AD66B0000C350B /* TopViewController.swift */ = {isa = PBXFileReference; fileEncoding = 4; lastKnownFileType = sourcecode.swift; path = TopViewController.swift; sourceTree = "<group>"; };
		EA947FB820AD66B0000C350B /* OriginalViewController.swift */ = {isa = PBXFileReference; fileEncoding = 4; lastKnownFileType = sourcecode.swift; path = OriginalViewController.swift; sourceTree = "<group>"; };
		EA947FB920AD66B0000C350B /* TopViewController.storyboard */ = {isa = PBXFileReference; fileEncoding = 4; lastKnownFileType = file.storyboard; path = TopViewController.storyboard; sourceTree = "<group>"; };
		EA947FC120ADC95A000C350B /* FlexibleHeaderViewController.swift */ = {isa = PBXFileReference; lastKnownFileType = sourcecode.swift; path = FlexibleHeaderViewController.swift; sourceTree = "<group>"; };
		EA947FC320ADC987000C350B /* FlexibleHeaderViewController.storyboard */ = {isa = PBXFileReference; lastKnownFileType = file.storyboard; path = FlexibleHeaderViewController.storyboard; sourceTree = "<group>"; };
		EA947FC520ADCB6A000C350B /* ContentViewController.swift */ = {isa = PBXFileReference; lastKnownFileType = sourcecode.swift; path = ContentViewController.swift; sourceTree = "<group>"; };
		EA947FC720ADCB75000C350B /* ContentViewController.storyboard */ = {isa = PBXFileReference; lastKnownFileType = file.storyboard; path = ContentViewController.storyboard; sourceTree = "<group>"; };
		EA947FC920ADCE4D000C350B /* HeaderView.swift */ = {isa = PBXFileReference; lastKnownFileType = sourcecode.swift; path = HeaderView.swift; sourceTree = "<group>"; };
		EA947FCB20ADCE57000C350B /* HeaderView.xib */ = {isa = PBXFileReference; lastKnownFileType = file.xib; path = HeaderView.xib; sourceTree = "<group>"; };
		EABCC48E20AD5EEC00B05C86 /* Storyboards.swift */ = {isa = PBXFileReference; fileEncoding = 4; lastKnownFileType = sourcecode.swift; path = Storyboards.swift; sourceTree = "<group>"; };
		EADBDBA420AAF987006798E7 /* PreMaterialComponents.app */ = {isa = PBXFileReference; explicitFileType = wrapper.application; includeInIndex = 0; path = PreMaterialComponents.app; sourceTree = BUILT_PRODUCTS_DIR; };
		EADBDBA720AAF987006798E7 /* AppDelegate.swift */ = {isa = PBXFileReference; lastKnownFileType = sourcecode.swift; path = AppDelegate.swift; sourceTree = "<group>"; };
		EADBDBAE20AAF988006798E7 /* Assets.xcassets */ = {isa = PBXFileReference; lastKnownFileType = folder.assetcatalog; path = Assets.xcassets; sourceTree = "<group>"; };
		EADBDBB120AAF988006798E7 /* Base */ = {isa = PBXFileReference; lastKnownFileType = file.storyboard; name = Base; path = Base.lproj/LaunchScreen.storyboard; sourceTree = "<group>"; };
		EADBDBB320AAF988006798E7 /* Info.plist */ = {isa = PBXFileReference; lastKnownFileType = text.plist.xml; path = Info.plist; sourceTree = "<group>"; };
		EADBDBB820AAF988006798E7 /* PreMaterialComponentsTests.xctest */ = {isa = PBXFileReference; explicitFileType = wrapper.cfbundle; includeInIndex = 0; path = PreMaterialComponentsTests.xctest; sourceTree = BUILT_PRODUCTS_DIR; };
		EADBDBBC20AAF988006798E7 /* PreMaterialComponentsTests.swift */ = {isa = PBXFileReference; lastKnownFileType = sourcecode.swift; path = PreMaterialComponentsTests.swift; sourceTree = "<group>"; };
		EADBDBBE20AAF988006798E7 /* Info.plist */ = {isa = PBXFileReference; lastKnownFileType = text.plist.xml; path = Info.plist; sourceTree = "<group>"; };
		EADBDBC320AAF988006798E7 /* PreMaterialComponentsUITests.xctest */ = {isa = PBXFileReference; explicitFileType = wrapper.cfbundle; includeInIndex = 0; path = PreMaterialComponentsUITests.xctest; sourceTree = BUILT_PRODUCTS_DIR; };
		EADBDBC720AAF988006798E7 /* PreMaterialComponentsUITests.swift */ = {isa = PBXFileReference; lastKnownFileType = sourcecode.swift; path = PreMaterialComponentsUITests.swift; sourceTree = "<group>"; };
		EADBDBC920AAF988006798E7 /* Info.plist */ = {isa = PBXFileReference; lastKnownFileType = text.plist.xml; path = Info.plist; sourceTree = "<group>"; };
		F43FCA87D5391DBE950E46D7 /* Pods-PreMaterialComponentsUITests.release.xcconfig */ = {isa = PBXFileReference; includeInIndex = 1; lastKnownFileType = text.xcconfig; name = "Pods-PreMaterialComponentsUITests.release.xcconfig"; path = "Pods/Target Support Files/Pods-PreMaterialComponentsUITests/Pods-PreMaterialComponentsUITests.release.xcconfig"; sourceTree = "<group>"; };
		FF97B29C69A810C4E176EF36 /* Pods_PreMaterialComponents.framework */ = {isa = PBXFileReference; explicitFileType = wrapper.framework; includeInIndex = 0; path = Pods_PreMaterialComponents.framework; sourceTree = BUILT_PRODUCTS_DIR; };
/* End PBXFileReference section */

/* Begin PBXFrameworksBuildPhase section */
		EADBDBA120AAF987006798E7 /* Frameworks */ = {
			isa = PBXFrameworksBuildPhase;
			buildActionMask = 2147483647;
			files = (
				FB8918851049CDFA5D055127 /* Pods_PreMaterialComponents.framework in Frameworks */,
			);
			runOnlyForDeploymentPostprocessing = 0;
		};
		EADBDBB520AAF988006798E7 /* Frameworks */ = {
			isa = PBXFrameworksBuildPhase;
			buildActionMask = 2147483647;
			files = (
				94236D8D5DB44E383DC8689C /* Pods_PreMaterialComponentsTests.framework in Frameworks */,
			);
			runOnlyForDeploymentPostprocessing = 0;
		};
		EADBDBC020AAF988006798E7 /* Frameworks */ = {
			isa = PBXFrameworksBuildPhase;
			buildActionMask = 2147483647;
			files = (
				BCD8BA5DE18A5EE7FBD05DEA /* Pods_PreMaterialComponentsUITests.framework in Frameworks */,
			);
			runOnlyForDeploymentPostprocessing = 0;
		};
/* End PBXFrameworksBuildPhase section */

/* Begin PBXGroup section */
		6AAC35B12CB6119046A41BB6 /* Pods */ = {
			isa = PBXGroup;
			children = (
				C70D600E61A296AC94AF978D /* Pods-PreMaterialComponents.debug.xcconfig */,
				137C25A8092F6713DE4070B2 /* Pods-PreMaterialComponents.release.xcconfig */,
				316049C197C36EC5CDDEDDE2 /* Pods-PreMaterialComponentsTests.debug.xcconfig */,
				5D1182B4F2F974B824DBB9CD /* Pods-PreMaterialComponentsTests.release.xcconfig */,
				ADE2DD6FD5181BCC391683B6 /* Pods-PreMaterialComponentsUITests.debug.xcconfig */,
				F43FCA87D5391DBE950E46D7 /* Pods-PreMaterialComponentsUITests.release.xcconfig */,
			);
			name = Pods;
			sourceTree = "<group>";
		};
		BD42F04EFE8BA8AFED609F8D /* Frameworks */ = {
			isa = PBXGroup;
			children = (
				FF97B29C69A810C4E176EF36 /* Pods_PreMaterialComponents.framework */,
				77CAAAAEB1E6C626C28214F7 /* Pods_PreMaterialComponentsTests.framework */,
				5AC4EAC1B594EF9824F0EA6A /* Pods_PreMaterialComponentsUITests.framework */,
			);
			name = Frameworks;
			sourceTree = "<group>";
		};
		EA947FB420AD66B0000C350B /* UI */ = {
			isa = PBXGroup;
			children = (
				EA947FC020ADB9B7000C350B /* Original */,
				EA947FBF20ADB9B7000C350B /* FlexibleHeader */,
				EA947FB920AD66B0000C350B /* TopViewController.storyboard */,
				EA947FB720AD66B0000C350B /* TopViewController.swift */,
			);
			path = UI;
			sourceTree = "<group>";
		};
		EA947FBF20ADB9B7000C350B /* FlexibleHeader */ = {
			isa = PBXGroup;
			children = (
				EA947FCD20ADCF81000C350B /* view */,
				EA947FC320ADC987000C350B /* FlexibleHeaderViewController.storyboard */,
				EA947FC120ADC95A000C350B /* FlexibleHeaderViewController.swift */,
				EA947FC720ADCB75000C350B /* ContentViewController.storyboard */,
				EA947FC520ADCB6A000C350B /* ContentViewController.swift */,
			);
			path = FlexibleHeader;
			sourceTree = "<group>";
		};
		EA947FC020ADB9B7000C350B /* Original */ = {
			isa = PBXGroup;
			children = (
				EA947FB620AD66B0000C350B /* OriginalViewController.storyboard */,
				EA947FB820AD66B0000C350B /* OriginalViewController.swift */,
			);
			path = Original;
			sourceTree = "<group>";
		};
		EA947FCD20ADCF81000C350B /* view */ = {
			isa = PBXGroup;
			children = (
				EA947FC920ADCE4D000C350B /* HeaderView.swift */,
				EA947FCB20ADCE57000C350B /* HeaderView.xib */,
			);
			path = view;
			sourceTree = "<group>";
		};
		EADBDB9B20AAF987006798E7 = {
			isa = PBXGroup;
			children = (
				EADBDBA620AAF987006798E7 /* PreMaterialComponents */,
				EADBDBBB20AAF988006798E7 /* PreMaterialComponentsTests */,
				EADBDBC620AAF988006798E7 /* PreMaterialComponentsUITests */,
				EADBDBA520AAF987006798E7 /* Products */,
				6AAC35B12CB6119046A41BB6 /* Pods */,
				BD42F04EFE8BA8AFED609F8D /* Frameworks */,
			);
			sourceTree = "<group>";
		};
		EADBDBA520AAF987006798E7 /* Products */ = {
			isa = PBXGroup;
			children = (
				EADBDBA420AAF987006798E7 /* PreMaterialComponents.app */,
				EADBDBB820AAF988006798E7 /* PreMaterialComponentsTests.xctest */,
				EADBDBC320AAF988006798E7 /* PreMaterialComponentsUITests.xctest */,
			);
			name = Products;
			sourceTree = "<group>";
		};
		EADBDBA620AAF987006798E7 /* PreMaterialComponents */ = {
			isa = PBXGroup;
			children = (
				EA947FB420AD66B0000C350B /* UI */,
				EADBDC7020AD5E17006798E7 /* Constants */,
				EADBDBA720AAF987006798E7 /* AppDelegate.swift */,
				EADBDBAE20AAF988006798E7 /* Assets.xcassets */,
				EADBDBB020AAF988006798E7 /* LaunchScreen.storyboard */,
				EADBDBB320AAF988006798E7 /* Info.plist */,
			);
			path = PreMaterialComponents;
			sourceTree = "<group>";
		};
		EADBDBBB20AAF988006798E7 /* PreMaterialComponentsTests */ = {
			isa = PBXGroup;
			children = (
				EADBDBBC20AAF988006798E7 /* PreMaterialComponentsTests.swift */,
				EADBDBBE20AAF988006798E7 /* Info.plist */,
			);
			path = PreMaterialComponentsTests;
			sourceTree = "<group>";
		};
		EADBDBC620AAF988006798E7 /* PreMaterialComponentsUITests */ = {
			isa = PBXGroup;
			children = (
				EADBDBC720AAF988006798E7 /* PreMaterialComponentsUITests.swift */,
				EADBDBC920AAF988006798E7 /* Info.plist */,
			);
			path = PreMaterialComponentsUITests;
			sourceTree = "<group>";
		};
		EADBDC7020AD5E17006798E7 /* Constants */ = {
			isa = PBXGroup;
			children = (
				EABCC48E20AD5EEC00B05C86 /* Storyboards.swift */,
			);
			path = Constants;
			sourceTree = "<group>";
		};
/* End PBXGroup section */

/* Begin PBXNativeTarget section */
		EADBDBA320AAF987006798E7 /* PreMaterialComponents */ = {
			isa = PBXNativeTarget;
			buildConfigurationList = EADBDBCC20AAF988006798E7 /* Build configuration list for PBXNativeTarget "PreMaterialComponents" */;
			buildPhases = (
				3FF6FF3A9694428A8418FA39 /* [CP] Check Pods Manifest.lock */,
				EADBDBA020AAF987006798E7 /* Sources */,
				EADBDBA120AAF987006798E7 /* Frameworks */,
				EADBDBA220AAF987006798E7 /* Resources */,
				D401DB3F9C0D28D572DEB361 /* [CP] Embed Pods Frameworks */,
				EADBDC6F20AD5DE0006798E7 /* SwiftGen */,
			);
			buildRules = (
			);
			dependencies = (
			);
			name = PreMaterialComponents;
			productName = PreMaterialComponents;
			productReference = EADBDBA420AAF987006798E7 /* PreMaterialComponents.app */;
			productType = "com.apple.product-type.application";
		};
		EADBDBB720AAF988006798E7 /* PreMaterialComponentsTests */ = {
			isa = PBXNativeTarget;
			buildConfigurationList = EADBDBCF20AAF988006798E7 /* Build configuration list for PBXNativeTarget "PreMaterialComponentsTests" */;
			buildPhases = (
				1DC26EA7CE64291EE68A0C8B /* [CP] Check Pods Manifest.lock */,
				EADBDBB420AAF988006798E7 /* Sources */,
				EADBDBB520AAF988006798E7 /* Frameworks */,
				EADBDBB620AAF988006798E7 /* Resources */,
			);
			buildRules = (
			);
			dependencies = (
				EADBDBBA20AAF988006798E7 /* PBXTargetDependency */,
			);
			name = PreMaterialComponentsTests;
			productName = PreMaterialComponentsTests;
			productReference = EADBDBB820AAF988006798E7 /* PreMaterialComponentsTests.xctest */;
			productType = "com.apple.product-type.bundle.unit-test";
		};
		EADBDBC220AAF988006798E7 /* PreMaterialComponentsUITests */ = {
			isa = PBXNativeTarget;
			buildConfigurationList = EADBDBD220AAF988006798E7 /* Build configuration list for PBXNativeTarget "PreMaterialComponentsUITests" */;
			buildPhases = (
				CB301820224AE320A944025F /* [CP] Check Pods Manifest.lock */,
				EADBDBBF20AAF988006798E7 /* Sources */,
				EADBDBC020AAF988006798E7 /* Frameworks */,
				EADBDBC120AAF988006798E7 /* Resources */,
			);
			buildRules = (
			);
			dependencies = (
				EADBDBC520AAF988006798E7 /* PBXTargetDependency */,
			);
			name = PreMaterialComponentsUITests;
			productName = PreMaterialComponentsUITests;
			productReference = EADBDBC320AAF988006798E7 /* PreMaterialComponentsUITests.xctest */;
			productType = "com.apple.product-type.bundle.ui-testing";
		};
/* End PBXNativeTarget section */

/* Begin PBXProject section */
		EADBDB9C20AAF987006798E7 /* Project object */ = {
			isa = PBXProject;
			attributes = {
				LastSwiftUpdateCheck = 0930;
				LastUpgradeCheck = 0930;
				ORGANIZATIONNAME = "Masakazu Sano";
				TargetAttributes = {
					EADBDBA320AAF987006798E7 = {
						CreatedOnToolsVersion = 9.3;
					};
					EADBDBB720AAF988006798E7 = {
						CreatedOnToolsVersion = 9.3;
						TestTargetID = EADBDBA320AAF987006798E7;
					};
					EADBDBC220AAF988006798E7 = {
						CreatedOnToolsVersion = 9.3;
						TestTargetID = EADBDBA320AAF987006798E7;
					};
				};
			};
			buildConfigurationList = EADBDB9F20AAF987006798E7 /* Build configuration list for PBXProject "PreMaterialComponents" */;
			compatibilityVersion = "Xcode 9.3";
			developmentRegion = en;
			hasScannedForEncodings = 0;
			knownRegions = (
				en,
				Base,
			);
			mainGroup = EADBDB9B20AAF987006798E7;
			productRefGroup = EADBDBA520AAF987006798E7 /* Products */;
			projectDirPath = "";
			projectRoot = "";
			targets = (
				EADBDBA320AAF987006798E7 /* PreMaterialComponents */,
				EADBDBB720AAF988006798E7 /* PreMaterialComponentsTests */,
				EADBDBC220AAF988006798E7 /* PreMaterialComponentsUITests */,
			);
		};
/* End PBXProject section */

/* Begin PBXResourcesBuildPhase section */
		EADBDBA220AAF987006798E7 /* Resources */ = {
			isa = PBXResourcesBuildPhase;
			buildActionMask = 2147483647;
			files = (
				EA947FBB20AD66B1000C350B /* OriginalViewController.storyboard in Resources */,
				EA947FC420ADC987000C350B /* FlexibleHeaderViewController.storyboard in Resources */,
				EADBDBB220AAF988006798E7 /* LaunchScreen.storyboard in Resources */,
				EADBDBAF20AAF988006798E7 /* Assets.xcassets in Resources */,
				EA947FC820ADCB75000C350B /* ContentViewController.storyboard in Resources */,
				EA947FBE20AD66B1000C350B /* TopViewController.storyboard in Resources */,
				EA947FCC20ADCE57000C350B /* HeaderView.xib in Resources */,
			);
			runOnlyForDeploymentPostprocessing = 0;
		};
		EADBDBB620AAF988006798E7 /* Resources */ = {
			isa = PBXResourcesBuildPhase;
			buildActionMask = 2147483647;
			files = (
			);
			runOnlyForDeploymentPostprocessing = 0;
		};
		EADBDBC120AAF988006798E7 /* Resources */ = {
			isa = PBXResourcesBuildPhase;
			buildActionMask = 2147483647;
			files = (
			);
			runOnlyForDeploymentPostprocessing = 0;
		};
/* End PBXResourcesBuildPhase section */

/* Begin PBXShellScriptBuildPhase section */
		1DC26EA7CE64291EE68A0C8B /* [CP] Check Pods Manifest.lock */ = {
			isa = PBXShellScriptBuildPhase;
			buildActionMask = 2147483647;
			files = (
			);
			inputPaths = (
				"${PODS_PODFILE_DIR_PATH}/Podfile.lock",
				"${PODS_ROOT}/Manifest.lock",
			);
			name = "[CP] Check Pods Manifest.lock";
			outputPaths = (
				"$(DERIVED_FILE_DIR)/Pods-PreMaterialComponentsTests-checkManifestLockResult.txt",
			);
			runOnlyForDeploymentPostprocessing = 0;
			shellPath = /bin/sh;
			shellScript = "diff \"${PODS_PODFILE_DIR_PATH}/Podfile.lock\" \"${PODS_ROOT}/Manifest.lock\" > /dev/null\nif [ $? != 0 ] ; then\n    # print error to STDERR\n    echo \"error: The sandbox is not in sync with the Podfile.lock. Run 'pod install' or update your CocoaPods installation.\" >&2\n    exit 1\nfi\n# This output is used by Xcode 'outputs' to avoid re-running this script phase.\necho \"SUCCESS\" > \"${SCRIPT_OUTPUT_FILE_0}\"\n";
			showEnvVarsInLog = 0;
		};
		3FF6FF3A9694428A8418FA39 /* [CP] Check Pods Manifest.lock */ = {
			isa = PBXShellScriptBuildPhase;
			buildActionMask = 2147483647;
			files = (
			);
			inputPaths = (
				"${PODS_PODFILE_DIR_PATH}/Podfile.lock",
				"${PODS_ROOT}/Manifest.lock",
			);
			name = "[CP] Check Pods Manifest.lock";
			outputPaths = (
				"$(DERIVED_FILE_DIR)/Pods-PreMaterialComponents-checkManifestLockResult.txt",
			);
			runOnlyForDeploymentPostprocessing = 0;
			shellPath = /bin/sh;
			shellScript = "diff \"${PODS_PODFILE_DIR_PATH}/Podfile.lock\" \"${PODS_ROOT}/Manifest.lock\" > /dev/null\nif [ $? != 0 ] ; then\n    # print error to STDERR\n    echo \"error: The sandbox is not in sync with the Podfile.lock. Run 'pod install' or update your CocoaPods installation.\" >&2\n    exit 1\nfi\n# This output is used by Xcode 'outputs' to avoid re-running this script phase.\necho \"SUCCESS\" > \"${SCRIPT_OUTPUT_FILE_0}\"\n";
			showEnvVarsInLog = 0;
		};
		CB301820224AE320A944025F /* [CP] Check Pods Manifest.lock */ = {
			isa = PBXShellScriptBuildPhase;
			buildActionMask = 2147483647;
			files = (
			);
			inputPaths = (
				"${PODS_PODFILE_DIR_PATH}/Podfile.lock",
				"${PODS_ROOT}/Manifest.lock",
			);
			name = "[CP] Check Pods Manifest.lock";
			outputPaths = (
				"$(DERIVED_FILE_DIR)/Pods-PreMaterialComponentsUITests-checkManifestLockResult.txt",
			);
			runOnlyForDeploymentPostprocessing = 0;
			shellPath = /bin/sh;
			shellScript = "diff \"${PODS_PODFILE_DIR_PATH}/Podfile.lock\" \"${PODS_ROOT}/Manifest.lock\" > /dev/null\nif [ $? != 0 ] ; then\n    # print error to STDERR\n    echo \"error: The sandbox is not in sync with the Podfile.lock. Run 'pod install' or update your CocoaPods installation.\" >&2\n    exit 1\nfi\n# This output is used by Xcode 'outputs' to avoid re-running this script phase.\necho \"SUCCESS\" > \"${SCRIPT_OUTPUT_FILE_0}\"\n";
			showEnvVarsInLog = 0;
		};
		D401DB3F9C0D28D572DEB361 /* [CP] Embed Pods Frameworks */ = {
			isa = PBXShellScriptBuildPhase;
			buildActionMask = 2147483647;
			files = (
			);
			inputPaths = (
				"${SRCROOT}/Pods/Target Support Files/Pods-PreMaterialComponents/Pods-PreMaterialComponents-frameworks.sh",
				"${BUILT_PRODUCTS_DIR}/MDFInternationalization/MDFInternationalization.framework",
				"${BUILT_PRODUCTS_DIR}/MDFTextAccessibility/MDFTextAccessibility.framework",
				"${BUILT_PRODUCTS_DIR}/MaterialComponents/MaterialComponents.framework",
				"${BUILT_PRODUCTS_DIR}/MotionAnimator/MotionAnimator.framework",
				"${BUILT_PRODUCTS_DIR}/MotionInterchange/MotionInterchange.framework",
				"${BUILT_PRODUCTS_DIR}/MotionTransitioning/MotionTransitioning.framework",
			);
			name = "[CP] Embed Pods Frameworks";
			outputPaths = (
				"${TARGET_BUILD_DIR}/${FRAMEWORKS_FOLDER_PATH}/MDFInternationalization.framework",
				"${TARGET_BUILD_DIR}/${FRAMEWORKS_FOLDER_PATH}/MDFTextAccessibility.framework",
				"${TARGET_BUILD_DIR}/${FRAMEWORKS_FOLDER_PATH}/MaterialComponents.framework",
				"${TARGET_BUILD_DIR}/${FRAMEWORKS_FOLDER_PATH}/MotionAnimator.framework",
				"${TARGET_BUILD_DIR}/${FRAMEWORKS_FOLDER_PATH}/MotionInterchange.framework",
				"${TARGET_BUILD_DIR}/${FRAMEWORKS_FOLDER_PATH}/MotionTransitioning.framework",
			);
			runOnlyForDeploymentPostprocessing = 0;
			shellPath = /bin/sh;
			shellScript = "\"${SRCROOT}/Pods/Target Support Files/Pods-PreMaterialComponents/Pods-PreMaterialComponents-frameworks.sh\"\n";
			showEnvVarsInLog = 0;
		};
		EADBDC6F20AD5DE0006798E7 /* SwiftGen */ = {
			isa = PBXShellScriptBuildPhase;
			buildActionMask = 2147483647;
			files = (
			);
			inputPaths = (
			);
			name = SwiftGen;
			outputPaths = (
			);
			runOnlyForDeploymentPostprocessing = 0;
			shellPath = /bin/sh;
			shellScript = "if which swiftgen >/dev/null; then\nswiftgen storyboards --template swift4 \"$PROJECT_DIR/PreMaterialComponents\" --output \"$PROJECT_DIR/PreMaterialComponents/Constants/Storyboards.swift\"\nelse\necho \"warning: SwiftGen not installed, download it from https://github.com/AliSoftware/SwiftGen\"\nfi";
		};
/* End PBXShellScriptBuildPhase section */

/* Begin PBXSourcesBuildPhase section */
		EADBDBA020AAF987006798E7 /* Sources */ = {
			isa = PBXSourcesBuildPhase;
			buildActionMask = 2147483647;
			files = (
				EA947FBC20AD66B1000C350B /* TopViewController.swift in Sources */,
				EA947FBD20AD66B1000C350B /* OriginalViewController.swift in Sources */,
				EA947FC220ADC95A000C350B /* FlexibleHeaderViewController.swift in Sources */,
				EABCC48F20AD5EEC00B05C86 /* Storyboards.swift in Sources */,
				EA947FC620ADCB6A000C350B /* ContentViewController.swift in Sources */,
				EADBDBA820AAF987006798E7 /* AppDelegate.swift in Sources */,
				EA947FCA20ADCE4D000C350B /* HeaderView.swift in Sources */,
			);
			runOnlyForDeploymentPostprocessing = 0;
		};
		EADBDBB420AAF988006798E7 /* Sources */ = {
			isa = PBXSourcesBuildPhase;
			buildActionMask = 2147483647;
			files = (
				EADBDBBD20AAF988006798E7 /* PreMaterialComponentsTests.swift in Sources */,
			);
			runOnlyForDeploymentPostprocessing = 0;
		};
		EADBDBBF20AAF988006798E7 /* Sources */ = {
			isa = PBXSourcesBuildPhase;
			buildActionMask = 2147483647;
			files = (
				EADBDBC820AAF988006798E7 /* PreMaterialComponentsUITests.swift in Sources */,
			);
			runOnlyForDeploymentPostprocessing = 0;
		};
/* End PBXSourcesBuildPhase section */

/* Begin PBXTargetDependency section */
		EADBDBBA20AAF988006798E7 /* PBXTargetDependency */ = {
			isa = PBXTargetDependency;
			target = EADBDBA320AAF987006798E7 /* PreMaterialComponents */;
			targetProxy = EADBDBB920AAF988006798E7 /* PBXContainerItemProxy */;
		};
		EADBDBC520AAF988006798E7 /* PBXTargetDependency */ = {
			isa = PBXTargetDependency;
			target = EADBDBA320AAF987006798E7 /* PreMaterialComponents */;
			targetProxy = EADBDBC420AAF988006798E7 /* PBXContainerItemProxy */;
		};
/* End PBXTargetDependency section */

/* Begin PBXVariantGroup section */
		EADBDBB020AAF988006798E7 /* LaunchScreen.storyboard */ = {
			isa = PBXVariantGroup;
			children = (
				EADBDBB120AAF988006798E7 /* Base */,
			);
			name = LaunchScreen.storyboard;
			sourceTree = "<group>";
		};
/* End PBXVariantGroup section */

/* Begin XCBuildConfiguration section */
		EADBDBCA20AAF988006798E7 /* Debug */ = {
			isa = XCBuildConfiguration;
			buildSettings = {
				ALWAYS_SEARCH_USER_PATHS = NO;
				CLANG_ANALYZER_NONNULL = YES;
				CLANG_ANALYZER_NUMBER_OBJECT_CONVERSION = YES_AGGRESSIVE;
				CLANG_CXX_LANGUAGE_STANDARD = "gnu++14";
				CLANG_CXX_LIBRARY = "libc++";
				CLANG_ENABLE_MODULES = YES;
				CLANG_ENABLE_OBJC_ARC = YES;
				CLANG_ENABLE_OBJC_WEAK = YES;
				CLANG_WARN_BLOCK_CAPTURE_AUTORELEASING = YES;
				CLANG_WARN_BOOL_CONVERSION = YES;
				CLANG_WARN_COMMA = YES;
				CLANG_WARN_CONSTANT_CONVERSION = YES;
				CLANG_WARN_DEPRECATED_OBJC_IMPLEMENTATIONS = YES;
				CLANG_WARN_DIRECT_OBJC_ISA_USAGE = YES_ERROR;
				CLANG_WARN_DOCUMENTATION_COMMENTS = YES;
				CLANG_WARN_EMPTY_BODY = YES;
				CLANG_WARN_ENUM_CONVERSION = YES;
				CLANG_WARN_INFINITE_RECURSION = YES;
				CLANG_WARN_INT_CONVERSION = YES;
				CLANG_WARN_NON_LITERAL_NULL_CONVERSION = YES;
				CLANG_WARN_OBJC_IMPLICIT_RETAIN_SELF = YES;
				CLANG_WARN_OBJC_LITERAL_CONVERSION = YES;
				CLANG_WARN_OBJC_ROOT_CLASS = YES_ERROR;
				CLANG_WARN_RANGE_LOOP_ANALYSIS = YES;
				CLANG_WARN_STRICT_PROTOTYPES = YES;
				CLANG_WARN_SUSPICIOUS_MOVE = YES;
				CLANG_WARN_UNGUARDED_AVAILABILITY = YES_AGGRESSIVE;
				CLANG_WARN_UNREACHABLE_CODE = YES;
				CLANG_WARN__DUPLICATE_METHOD_MATCH = YES;
				CODE_SIGN_IDENTITY = "iPhone Developer";
				COPY_PHASE_STRIP = NO;
				DEBUG_INFORMATION_FORMAT = dwarf;
				ENABLE_STRICT_OBJC_MSGSEND = YES;
				ENABLE_TESTABILITY = YES;
				GCC_C_LANGUAGE_STANDARD = gnu11;
				GCC_DYNAMIC_NO_PIC = NO;
				GCC_NO_COMMON_BLOCKS = YES;
				GCC_OPTIMIZATION_LEVEL = 0;
				GCC_PREPROCESSOR_DEFINITIONS = (
					"DEBUG=1",
					"$(inherited)",
				);
				GCC_WARN_64_TO_32_BIT_CONVERSION = YES;
				GCC_WARN_ABOUT_RETURN_TYPE = YES_ERROR;
				GCC_WARN_UNDECLARED_SELECTOR = YES;
				GCC_WARN_UNINITIALIZED_AUTOS = YES_AGGRESSIVE;
				GCC_WARN_UNUSED_FUNCTION = YES;
				GCC_WARN_UNUSED_VARIABLE = YES;
				IPHONEOS_DEPLOYMENT_TARGET = 11.3;
				MTL_ENABLE_DEBUG_INFO = YES;
				ONLY_ACTIVE_ARCH = YES;
				SDKROOT = iphoneos;
				SWIFT_ACTIVE_COMPILATION_CONDITIONS = DEBUG;
				SWIFT_OPTIMIZATION_LEVEL = "-Onone";
			};
			name = Debug;
		};
		EADBDBCB20AAF988006798E7 /* Release */ = {
			isa = XCBuildConfiguration;
			buildSettings = {
				ALWAYS_SEARCH_USER_PATHS = NO;
				CLANG_ANALYZER_NONNULL = YES;
				CLANG_ANALYZER_NUMBER_OBJECT_CONVERSION = YES_AGGRESSIVE;
				CLANG_CXX_LANGUAGE_STANDARD = "gnu++14";
				CLANG_CXX_LIBRARY = "libc++";
				CLANG_ENABLE_MODULES = YES;
				CLANG_ENABLE_OBJC_ARC = YES;
				CLANG_ENABLE_OBJC_WEAK = YES;
				CLANG_WARN_BLOCK_CAPTURE_AUTORELEASING = YES;
				CLANG_WARN_BOOL_CONVERSION = YES;
				CLANG_WARN_COMMA = YES;
				CLANG_WARN_CONSTANT_CONVERSION = YES;
				CLANG_WARN_DEPRECATED_OBJC_IMPLEMENTATIONS = YES;
				CLANG_WARN_DIRECT_OBJC_ISA_USAGE = YES_ERROR;
				CLANG_WARN_DOCUMENTATION_COMMENTS = YES;
				CLANG_WARN_EMPTY_BODY = YES;
				CLANG_WARN_ENUM_CONVERSION = YES;
				CLANG_WARN_INFINITE_RECURSION = YES;
				CLANG_WARN_INT_CONVERSION = YES;
				CLANG_WARN_NON_LITERAL_NULL_CONVERSION = YES;
				CLANG_WARN_OBJC_IMPLICIT_RETAIN_SELF = YES;
				CLANG_WARN_OBJC_LITERAL_CONVERSION = YES;
				CLANG_WARN_OBJC_ROOT_CLASS = YES_ERROR;
				CLANG_WARN_RANGE_LOOP_ANALYSIS = YES;
				CLANG_WARN_STRICT_PROTOTYPES = YES;
				CLANG_WARN_SUSPICIOUS_MOVE = YES;
				CLANG_WARN_UNGUARDED_AVAILABILITY = YES_AGGRESSIVE;
				CLANG_WARN_UNREACHABLE_CODE = YES;
				CLANG_WARN__DUPLICATE_METHOD_MATCH = YES;
				CODE_SIGN_IDENTITY = "iPhone Developer";
				COPY_PHASE_STRIP = NO;
				DEBUG_INFORMATION_FORMAT = "dwarf-with-dsym";
				ENABLE_NS_ASSERTIONS = NO;
				ENABLE_STRICT_OBJC_MSGSEND = YES;
				GCC_C_LANGUAGE_STANDARD = gnu11;
				GCC_NO_COMMON_BLOCKS = YES;
				GCC_WARN_64_TO_32_BIT_CONVERSION = YES;
				GCC_WARN_ABOUT_RETURN_TYPE = YES_ERROR;
				GCC_WARN_UNDECLARED_SELECTOR = YES;
				GCC_WARN_UNINITIALIZED_AUTOS = YES_AGGRESSIVE;
				GCC_WARN_UNUSED_FUNCTION = YES;
				GCC_WARN_UNUSED_VARIABLE = YES;
				IPHONEOS_DEPLOYMENT_TARGET = 11.3;
				MTL_ENABLE_DEBUG_INFO = NO;
				SDKROOT = iphoneos;
				SWIFT_COMPILATION_MODE = wholemodule;
				SWIFT_OPTIMIZATION_LEVEL = "-O";
				VALIDATE_PRODUCT = YES;
			};
			name = Release;
		};
		EADBDBCD20AAF988006798E7 /* Debug */ = {
			isa = XCBuildConfiguration;
			baseConfigurationReference = C70D600E61A296AC94AF978D /* Pods-PreMaterialComponents.debug.xcconfig */;
			buildSettings = {
				ASSETCATALOG_COMPILER_APPICON_NAME = AppIcon;
				CODE_SIGN_STYLE = Automatic;
				DEVELOPMENT_TEAM = 3ZMTZ3U33V;
				INFOPLIST_FILE = PreMaterialComponents/Info.plist;
				LD_RUNPATH_SEARCH_PATHS = (
					"$(inherited)",
					"@executable_path/Frameworks",
				);
				PRODUCT_BUNDLE_IDENTIFIER = cc.ka56cd.PreMaterialComponents;
				PRODUCT_NAME = "$(TARGET_NAME)";
				SWIFT_VERSION = 4.0;
				TARGETED_DEVICE_FAMILY = "1,2";
			};
			name = Debug;
		};
		EADBDBCE20AAF988006798E7 /* Release */ = {
			isa = XCBuildConfiguration;
			baseConfigurationReference = 137C25A8092F6713DE4070B2 /* Pods-PreMaterialComponents.release.xcconfig */;
			buildSettings = {
				ASSETCATALOG_COMPILER_APPICON_NAME = AppIcon;
				CODE_SIGN_STYLE = Automatic;
				DEVELOPMENT_TEAM = 3ZMTZ3U33V;
				INFOPLIST_FILE = PreMaterialComponents/Info.plist;
				LD_RUNPATH_SEARCH_PATHS = (
					"$(inherited)",
					"@executable_path/Frameworks",
				);
				PRODUCT_BUNDLE_IDENTIFIER = cc.ka56cd.PreMaterialComponents;
				PRODUCT_NAME = "$(TARGET_NAME)";
				SWIFT_VERSION = 4.0;
				TARGETED_DEVICE_FAMILY = "1,2";
			};
			name = Release;
		};
		EADBDBD020AAF988006798E7 /* Debug */ = {
			isa = XCBuildConfiguration;
			baseConfigurationReference = 316049C197C36EC5CDDEDDE2 /* Pods-PreMaterialComponentsTests.debug.xcconfig */;
			buildSettings = {
				ALWAYS_EMBED_SWIFT_STANDARD_LIBRARIES = YES;
				BUNDLE_LOADER = "$(TEST_HOST)";
				CODE_SIGN_STYLE = Automatic;
				DEVELOPMENT_TEAM = 3ZMTZ3U33V;
				INFOPLIST_FILE = PreMaterialComponentsTests/Info.plist;
				LD_RUNPATH_SEARCH_PATHS = (
					"$(inherited)",
					"@executable_path/Frameworks",
					"@loader_path/Frameworks",
				);
				PRODUCT_BUNDLE_IDENTIFIER = cc.ka56cd.PreMaterialComponentsTests;
				PRODUCT_NAME = "$(TARGET_NAME)";
				SWIFT_VERSION = 4.0;
				TARGETED_DEVICE_FAMILY = "1,2";
				TEST_HOST = "$(BUILT_PRODUCTS_DIR)/PreMaterialComponents.app/PreMaterialComponents";
			};
			name = Debug;
		};
		EADBDBD120AAF988006798E7 /* Release */ = {
			isa = XCBuildConfiguration;
			baseConfigurationReference = 5D1182B4F2F974B824DBB9CD /* Pods-PreMaterialComponentsTests.release.xcconfig */;
			buildSettings = {
				ALWAYS_EMBED_SWIFT_STANDARD_LIBRARIES = YES;
				BUNDLE_LOADER = "$(TEST_HOST)";
				CODE_SIGN_STYLE = Automatic;
				DEVELOPMENT_TEAM = 3ZMTZ3U33V;
				INFOPLIST_FILE = PreMaterialComponentsTests/Info.plist;
				LD_RUNPATH_SEARCH_PATHS = (
					"$(inherited)",
					"@executable_path/Frameworks",
					"@loader_path/Frameworks",
				);
				PRODUCT_BUNDLE_IDENTIFIER = cc.ka56cd.PreMaterialComponentsTests;
				PRODUCT_NAME = "$(TARGET_NAME)";
				SWIFT_VERSION = 4.0;
				TARGETED_DEVICE_FAMILY = "1,2";
				TEST_HOST = "$(BUILT_PRODUCTS_DIR)/PreMaterialComponents.app/PreMaterialComponents";
			};
			name = Release;
		};
		EADBDBD320AAF988006798E7 /* Debug */ = {
			isa = XCBuildConfiguration;
			baseConfigurationReference = ADE2DD6FD5181BCC391683B6 /* Pods-PreMaterialComponentsUITests.debug.xcconfig */;
			buildSettings = {
				ALWAYS_EMBED_SWIFT_STANDARD_LIBRARIES = YES;
				CODE_SIGN_STYLE = Automatic;
				DEVELOPMENT_TEAM = 3ZMTZ3U33V;
				INFOPLIST_FILE = PreMaterialComponentsUITests/Info.plist;
				LD_RUNPATH_SEARCH_PATHS = (
					"$(inherited)",
					"@executable_path/Frameworks",
					"@loader_path/Frameworks",
				);
				PRODUCT_BUNDLE_IDENTIFIER = cc.ka56cd.PreMaterialComponentsUITests;
				PRODUCT_NAME = "$(TARGET_NAME)";
				SWIFT_VERSION = 4.0;
				TARGETED_DEVICE_FAMILY = "1,2";
				TEST_TARGET_NAME = PreMaterialComponents;
			};
			name = Debug;
		};
		EADBDBD420AAF988006798E7 /* Release */ = {
			isa = XCBuildConfiguration;
			baseConfigurationReference = F43FCA87D5391DBE950E46D7 /* Pods-PreMaterialComponentsUITests.release.xcconfig */;
			buildSettings = {
				ALWAYS_EMBED_SWIFT_STANDARD_LIBRARIES = YES;
				CODE_SIGN_STYLE = Automatic;
				DEVELOPMENT_TEAM = 3ZMTZ3U33V;
				INFOPLIST_FILE = PreMaterialComponentsUITests/Info.plist;
				LD_RUNPATH_SEARCH_PATHS = (
					"$(inherited)",
					"@executable_path/Frameworks",
					"@loader_path/Frameworks",
				);
				PRODUCT_BUNDLE_IDENTIFIER = cc.ka56cd.PreMaterialComponentsUITests;
				PRODUCT_NAME = "$(TARGET_NAME)";
				SWIFT_VERSION = 4.0;
				TARGETED_DEVICE_FAMILY = "1,2";
				TEST_TARGET_NAME = PreMaterialComponents;
			};
			name = Release;
		};
/* End XCBuildConfiguration section */

/* Begin XCConfigurationList section */
		EADBDB9F20AAF987006798E7 /* Build configuration list for PBXProject "PreMaterialComponents" */ = {
			isa = XCConfigurationList;
			buildConfigurations = (
				EADBDBCA20AAF988006798E7 /* Debug */,
				EADBDBCB20AAF988006798E7 /* Release */,
			);
			defaultConfigurationIsVisible = 0;
			defaultConfigurationName = Release;
		};
		EADBDBCC20AAF988006798E7 /* Build configuration list for PBXNativeTarget "PreMaterialComponents" */ = {
			isa = XCConfigurationList;
			buildConfigurations = (
				EADBDBCD20AAF988006798E7 /* Debug */,
				EADBDBCE20AAF988006798E7 /* Release */,
			);
			defaultConfigurationIsVisible = 0;
			defaultConfigurationName = Release;
		};
		EADBDBCF20AAF988006798E7 /* Build configuration list for PBXNativeTarget "PreMaterialComponentsTests" */ = {
			isa = XCConfigurationList;
			buildConfigurations = (
				EADBDBD020AAF988006798E7 /* Debug */,
				EADBDBD120AAF988006798E7 /* Release */,
			);
			defaultConfigurationIsVisible = 0;
			defaultConfigurationName = Release;
		};
		EADBDBD220AAF988006798E7 /* Build configuration list for PBXNativeTarget "PreMaterialComponentsUITests" */ = {
			isa = XCConfigurationList;
			buildConfigurations = (
				EADBDBD320AAF988006798E7 /* Debug */,
				EADBDBD420AAF988006798E7 /* Release */,
			);
			defaultConfigurationIsVisible = 0;
			defaultConfigurationName = Release;
		};
/* End XCConfigurationList section */
	};
	rootObject = EADBDB9C20AAF987006798E7 /* Project object */;
}
